
Microsoft Visual Studio Solution File, Format Version 12.00
# Visual Studio Version 16
VisualStudioVersion = 16.0.31624.102
MinimumVisualStudioVersion = 10.0.40219.1
Project("{9A19103F-16F7-4668-BE54-9A1E7A4F7556}") = "WebApp", "WebApp\WebApp.csproj", "{27FC0E4F-7E70-4700-B99D-8337A8CD4245}"
EndProject
Project("{9A19103F-16F7-4668-BE54-9A1E7A4F7556}") = "BD", "BD\BD.csproj", "{12180442-D269-4DCA-AB05-B7309B85AB00}"
EndProject
Project("{9A19103F-16F7-4668-BE54-9A1E7A4F7556}") = "Entity", "Entity\Entity.csproj", "{155E46F0-1FC0-4D70-A04A-DFB8D4689D38}"
EndProject
Project("{9A19103F-16F7-4668-BE54-9A1E7A4F7556}") = "WBL", "WBL\WBL.csproj", "{151ADDE6-E426-4230-A99F-226254404D51}"
EndProject
Global
	GlobalSection(SolutionConfigurationPlatforms) = preSolution
		Debug|Any CPU = Debug|Any CPU
		Release|Any CPU = Release|Any CPU
	EndGlobalSection
	GlobalSection(ProjectConfigurationPlatforms) = postSolution
		{27FC0E4F-7E70-4700-B99D-8337A8CD4245}.Debug|Any CPU.ActiveCfg = Debug|Any CPU
		{27FC0E4F-7E70-4700-B99D-8337A8CD4245}.Debug|Any CPU.Build.0 = Debug|Any CPU
		{27FC0E4F-7E70-4700-B99D-8337A8CD4245}.Release|Any CPU.ActiveCfg = Release|Any CPU
		{27FC0E4F-7E70-4700-B99D-8337A8CD4245}.Release|Any CPU.Build.0 = Release|Any CPU
		{12180442-D269-4DCA-AB05-B7309B85AB00}.Debug|Any CPU.ActiveCfg = Debug|Any CPU
		{12180442-D269-4DCA-AB05-B7309B85AB00}.Debug|Any CPU.Build.0 = Debug|Any CPU
		{12180442-D269-4DCA-AB05-B7309B85AB00}.Release|Any CPU.ActiveCfg = Release|Any CPU
		{12180442-D269-4DCA-AB05-B7309B85AB00}.Release|Any CPU.Build.0 = Release|Any CPU
		{155E46F0-1FC0-4D70-A04A-DFB8D4689D38}.Debug|Any CPU.ActiveCfg = Debug|Any CPU
		{155E46F0-1FC0-4D70-A04A-DFB8D4689D38}.Debug|Any CPU.Build.0 = Debug|Any CPU
		{155E46F0-1FC0-4D70-A04A-DFB8D4689D38}.Release|Any CPU.ActiveCfg = Release|Any CPU
		{155E46F0-1FC0-4D70-A04A-DFB8D4689D38}.Release|Any CPU.Build.0 = Release|Any CPU
		{151ADDE6-E426-4230-A99F-226254404D51}.Debug|Any CPU.ActiveCfg = Debug|Any CPU
		{151ADDE6-E426-4230-A99F-226254404D51}.Debug|Any CPU.Build.0 = Debug|Any CPU
		{151ADDE6-E426-4230-A99F-226254404D51}.Release|Any CPU.ActiveCfg = Release|Any CPU
		{151ADDE6-E426-4230-A99F-226254404D51}.Release|Any CPU.Build.0 = Release|Any CPU
	EndGlobalSection
	GlobalSection(SolutionProperties) = preSolution
		HideSolutionNode = FALSE
	EndGlobalSection
	GlobalSection(ExtensibilityGlobals) = postSolution
		SolutionGuid = {78111271-A3A2-4257-B342-575EBBF8CA4A}
	EndGlobalSection
EndGlobal
